
Microsoft Visual Studio Solution File, Format Version 11.00
# Visual Studio 2010
Project("{FAE04EC0-301F-11D3-BF4B-00C04F79EFBC}") = "DiagramDesigner", "DiagramDesigner\DiagramDesigner.csproj", "{74872A86-6809-476B-95AB-6F3512317059}"
EndProject
Project("{FAE04EC0-301F-11D3-BF4B-00C04F79EFBC}") = "DemoApp", "DemoApp\DemoApp.csproj", "{8CA63B86-3402-4DB8-AD90-1BF131352896}"
EndProject
Project("{FAE04EC0-301F-11D3-BF4B-00C04F79EFBC}") = "DemoApp.Persistence.Common", "DemoApp.Persistence.Common\DemoApp.Persistence.Common.csproj", "{91AD5A26-30A4-438C-B4F0-D0DCF92140A9}"
EndProject
Project("{FAE04EC0-301F-11D3-BF4B-00C04F79EFBC}") = "DemoApp.Persistence.RavenDB", "DemoApp.Persistence.RavenDB\DemoApp.Persistence.RavenDB.csproj", "{9B198EC8-182F-44C8-8E4E-2060472467E4}"
EndProject
Global
	GlobalSection(SolutionConfigurationPlatforms) = preSolution
		Debug|Any CPU = Debug|Any CPU
		Debug|Mixed Platforms = Debug|Mixed Platforms
		Debug|x86 = Debug|x86
		Release|Any CPU = Release|Any CPU
		Release|Mixed Platforms = Release|Mixed Platforms
		Release|x86 = Release|x86
	EndGlobalSection
	GlobalSection(ProjectConfigurationPlatforms) = postSolution
		{74872A86-6809-476B-95AB-6F3512317059}.Debug|Any CPU.ActiveCfg = Debug|Any CPU
		{74872A86-6809-476B-95AB-6F3512317059}.Debug|Any CPU.Build.0 = Debug|Any CPU
		{74872A86-6809-476B-95AB-6F3512317059}.Debug|Mixed Platforms.ActiveCfg = Debug|Any CPU
		{74872A86-6809-476B-95AB-6F3512317059}.Debug|Mixed Platforms.Build.0 = Debug|Any CPU
		{74872A86-6809-476B-95AB-6F3512317059}.Debug|x86.ActiveCfg = Debug|Any CPU
		{74872A86-6809-476B-95AB-6F3512317059}.Release|Any CPU.ActiveCfg = Release|Any CPU
		{74872A86-6809-476B-95AB-6F3512317059}.Release|Any CPU.Build.0 = Release|Any CPU
		{74872A86-6809-476B-95AB-6F3512317059}.Release|Mixed Platforms.ActiveCfg = Release|Any CPU
		{74872A86-6809-476B-95AB-6F3512317059}.Release|Mixed Platforms.Build.0 = Release|Any CPU
		{74872A86-6809-476B-95AB-6F3512317059}.Release|x86.ActiveCfg = Release|Any CPU
		{8CA63B86-3402-4DB8-AD90-1BF131352896}.Debug|Any CPU.ActiveCfg = Debug|x86
		{8CA63B86-3402-4DB8-AD90-1BF131352896}.Debug|Mixed Platforms.ActiveCfg = Debug|x86
		{8CA63B86-3402-4DB8-AD90-1BF131352896}.Debug|Mixed Platforms.Build.0 = Debug|x86
		{8CA63B86-3402-4DB8-AD90-1BF131352896}.Debug|x86.ActiveCfg = Debug|x86
		{8CA63B86-3402-4DB8-AD90-1BF131352896}.Debug|x86.Build.0 = Debug|x86
		{8CA63B86-3402-4DB8-AD90-1BF131352896}.Release|Any CPU.ActiveCfg = Release|x86
		{8CA63B86-3402-4DB8-AD90-1BF131352896}.Release|Mixed Platforms.ActiveCfg = Release|x86
		{8CA63B86-3402-4DB8-AD90-1BF131352896}.Release|Mixed Platforms.Build.0 = Release|x86
		{8CA63B86-3402-4DB8-AD90-1BF131352896}.Release|x86.ActiveCfg = Release|x86
		{8CA63B86-3402-4DB8-AD90-1BF131352896}.Release|x86.Build.0 = Release|x86
		{91AD5A26-30A4-438C-B4F0-D0DCF92140A9}.Debug|Any CPU.ActiveCfg = Debug|Any CPU
		{91AD5A26-30A4-438C-B4F0-D0DCF92140A9}.Debug|Any CPU.Build.0 = Debug|Any CPU
		{91AD5A26-30A4-438C-B4F0-D0DCF92140A9}.Debug|Mixed Platforms.ActiveCfg = Debug|Any CPU
		{91AD5A26-30A4-438C-B4F0-D0DCF92140A9}.Debug|Mixed Platforms.Build.0 = Debug|Any CPU
		{91AD5A26-30A4-438C-B4F0-D0DCF92140A9}.Debug|x86.ActiveCfg = Debug|Any CPU
		{91AD5A26-30A4-438C-B4F0-D0DCF92140A9}.Release|Any CPU.ActiveCfg = Release|Any CPU
		{91AD5A26-30A4-438C-B4F0-D0DCF92140A9}.Release|Any CPU.Build.0 = Release|Any CPU
		{91AD5A26-30A4-438C-B4F0-D0DCF92140A9}.Release|Mixed Platforms.ActiveCfg = Release|Any CPU
		{91AD5A26-30A4-438C-B4F0-D0DCF92140A9}.Release|Mixed Platforms.Build.0 = Release|Any CPU
		{91AD5A26-30A4-438C-B4F0-D0DCF92140A9}.Release|x86.ActiveCfg = Release|Any CPU
		{9B198EC8-182F-44C8-8E4E-2060472467E4}.Debug|Any CPU.ActiveCfg = Debug|Any CPU
		{9B198EC8-182F-44C8-8E4E-2060472467E4}.Debug|Any CPU.Build.0 = Debug|Any CPU
		{9B198EC8-182F-44C8-8E4E-2060472467E4}.Debug|Mixed Platforms.ActiveCfg = Debug|Any CPU
		{9B198EC8-182F-44C8-8E4E-2060472467E4}.Debug|Mixed Platforms.Build.0 = Debug|Any CPU
		{9B198EC8-182F-44C8-8E4E-2060472467E4}.Debug|x86.ActiveCfg = Debug|Any CPU
		{9B198EC8-182F-44C8-8E4E-2060472467E4}.Release|Any CPU.ActiveCfg = Release|Any CPU
		{9B198EC8-182F-44C8-8E4E-2060472467E4}.Release|Any CPU.Build.0 = Release|Any CPU
		{9B198EC8-182F-44C8-8E4E-2060472467E4}.Release|Mixed Platforms.ActiveCfg = Release|Any CPU
		{9B198EC8-182F-44C8-8E4E-2060472467E4}.Release|Mixed Platforms.Build.0 = Release|Any CPU
		{9B198EC8-182F-44C8-8E4E-2060472467E4}.Release|x86.ActiveCfg = Release|Any CPU
	EndGlobalSection
	GlobalSection(SolutionProperties) = preSolution
		HideSolutionNode = FALSE
	EndGlobalSection
EndGlobal
